
Microsoft Visual Studio Solution File, Format Version 12.00
# Visual Studio 2013
VisualStudioVersion = 12.0.40629.0
MinimumVisualStudioVersion = 10.0.40219.1
Project("{FAE04EC0-301F-11D3-BF4B-00C04F79EFBC}") = "逆波兰公式", "逆波兰公式推导\逆波兰公式.csproj", "{6CA049CF-A77B-4B56-9AB4-64A61F372B21}"
EndProject
Project("{FAE04EC0-301F-11D3-BF4B-00C04F79EFBC}") = "Library_Calculate", "Library_Calculate\Library_Calculate.csproj", "{6F7EF8E2-8205-4A47-8112-506229E3B041}"
EndProject
Global
	GlobalSection(SolutionConfigurationPlatforms) = preSolution
		Debug|Any CPU = Debug|Any CPU
		Release|Any CPU = Release|Any CPU
	EndGlobalSection
	GlobalSection(ProjectConfigurationPlatforms) = postSolution
		{6CA049CF-A77B-4B56-9AB4-64A61F372B21}.Debug|Any CPU.ActiveCfg = Debug|Any CPU
		{6CA049CF-A77B-4B56-9AB4-64A61F372B21}.Debug|Any CPU.Build.0 = Debug|Any CPU
		{6CA049CF-A77B-4B56-9AB4-64A61F372B21}.Release|Any CPU.ActiveCfg = Release|Any CPU
		{6CA049CF-A77B-4B56-9AB4-64A61F372B21}.Release|Any CPU.Build.0 = Release|Any CPU
		{6F7EF8E2-8205-4A47-8112-506229E3B041}.Debug|Any CPU.ActiveCfg = Debug|Any CPU
		{6F7EF8E2-8205-4A47-8112-506229E3B041}.Debug|Any CPU.Build.0 = Debug|Any CPU
		{6F7EF8E2-8205-4A47-8112-506229E3B041}.Release|Any CPU.ActiveCfg = Release|Any CPU
		{6F7EF8E2-8205-4A47-8112-506229E3B041}.Release|Any CPU.Build.0 = Release|Any CPU
	EndGlobalSection
	GlobalSection(SolutionProperties) = preSolution
		HideSolutionNode = FALSE
	EndGlobalSection
EndGlobal
